
Microsoft Visual Studio Solution File, Format Version 12.00
# Visual Studio Version 17
VisualStudioVersion = 17.5.002.0
MinimumVisualStudioVersion = 10.0.40219.1
Project("{9A19103F-16F7-4668-BE54-9A1E7A4F7556}") = "Worker", "collect\Worker.csproj", "{554B826C-556F-4AD4-85B3-C37E5437B215}"
EndProject
Global
	GlobalSection(SolutionConfigurationPlatforms) = preSolution
		Debug|Any CPU = Debug|Any CPU
		Release|Any CPU = Release|Any CPU
	EndGlobalSection
	GlobalSection(ProjectConfigurationPlatforms) = postSolution
		{554B826C-556F-4AD4-85B3-C37E5437B215}.Debug|Any CPU.ActiveCfg = Debug|Any CPU
		{554B826C-556F-4AD4-85B3-C37E5437B215}.Debug|Any CPU.Build.0 = Debug|Any CPU
		{554B826C-556F-4AD4-85B3-C37E5437B215}.Release|Any CPU.ActiveCfg = Release|Any CPU
		{554B826C-556F-4AD4-85B3-C37E5437B215}.Release|Any CPU.Build.0 = Release|Any CPU
	EndGlobalSection
	GlobalSection(SolutionProperties) = preSolution
		HideSolutionNode = FALSE
	EndGlobalSection
	GlobalSection(ExtensibilityGlobals) = postSolution
		SolutionGuid = {74559985-930C-4F83-AD90-D5E6F1C192A8}
	EndGlobalSection
EndGlobal
